
Microsoft Visual Studio Solution File, Format Version 12.00
# Visual Studio 15
VisualStudioVersion = 15.0.26730.15
MinimumVisualStudioVersion = 10.0.40219.1
Project("{FAE04EC0-301F-11D3-BF4B-00C04F79EFBC}") = "OdQuestsGenerator", "OdQuestsGenerator\OdQuestsGenerator.csproj", "{166C696C-69F7-45B6-B921-8CF9763E7854}"
EndProject
Global
	GlobalSection(SolutionConfigurationPlatforms) = preSolution
		Debug|Any CPU = Debug|Any CPU
		Debug|x86 = Debug|x86
		Release|Any CPU = Release|Any CPU
		Release|x86 = Release|x86
	EndGlobalSection
	GlobalSection(ProjectConfigurationPlatforms) = postSolution
		{166C696C-69F7-45B6-B921-8CF9763E7854}.Debug|Any CPU.ActiveCfg = Debug|Any CPU
		{166C696C-69F7-45B6-B921-8CF9763E7854}.Debug|Any CPU.Build.0 = Debug|Any CPU
		{166C696C-69F7-45B6-B921-8CF9763E7854}.Debug|x86.ActiveCfg = Debug|Any CPU
		{166C696C-69F7-45B6-B921-8CF9763E7854}.Debug|x86.Build.0 = Debug|Any CPU
		{166C696C-69F7-45B6-B921-8CF9763E7854}.Release|Any CPU.ActiveCfg = Release|Any CPU
		{166C696C-69F7-45B6-B921-8CF9763E7854}.Release|Any CPU.Build.0 = Release|Any CPU
		{166C696C-69F7-45B6-B921-8CF9763E7854}.Release|x86.ActiveCfg = Release|Any CPU
		{166C696C-69F7-45B6-B921-8CF9763E7854}.Release|x86.Build.0 = Release|Any CPU
	EndGlobalSection
	GlobalSection(SolutionProperties) = preSolution
		HideSolutionNode = FALSE
	EndGlobalSection
	GlobalSection(ExtensibilityGlobals) = postSolution
		SolutionGuid = {A3811A9E-E01C-4CC9-8D7A-0AD41FD43097}
	EndGlobalSection
EndGlobal
